
Microsoft Visual Studio Solution File, Format Version 12.00
# Visual Studio Version 17
VisualStudioVersion = 17.11.35312.102
MinimumVisualStudioVersion = 10.0.40219.1
Project("{9A19103F-16F7-4668-BE54-9A1E7A4F7556}") = "TwilioSmsService", "TwilioSmsService\TwilioSmsService.csproj", "{BD395322-5F6A-4165-9A71-320F3451B2A1}"
EndProject
Global
	GlobalSection(SolutionConfigurationPlatforms) = preSolution
		Debug|Any CPU = Debug|Any CPU
		Release|Any CPU = Release|Any CPU
	EndGlobalSection
	GlobalSection(ProjectConfigurationPlatforms) = postSolution
		{BD395322-5F6A-4165-9A71-320F3451B2A1}.Debug|Any CPU.ActiveCfg = Debug|Any CPU
		{BD395322-5F6A-4165-9A71-320F3451B2A1}.Debug|Any CPU.Build.0 = Debug|Any CPU
		{BD395322-5F6A-4165-9A71-320F3451B2A1}.Release|Any CPU.ActiveCfg = Release|Any CPU
		{BD395322-5F6A-4165-9A71-320F3451B2A1}.Release|Any CPU.Build.0 = Release|Any CPU
	EndGlobalSection
	GlobalSection(SolutionProperties) = preSolution
		HideSolutionNode = FALSE
	EndGlobalSection
	GlobalSection(ExtensibilityGlobals) = postSolution
		SolutionGuid = {307676E2-0092-42FF-ACAB-E9544FF4EB6D}
	EndGlobalSection
EndGlobal
